
Microsoft Visual Studio Solution File, Format Version 12.00
# Visual Studio Version 17
VisualStudioVersion = 17.1.32414.318
MinimumVisualStudioVersion = 10.0.40219.1
Project("{9A19103F-16F7-4668-BE54-9A1E7A4F7556}") = "TrackIt", "TrackIt\TrackIt.csproj", "{316EED45-96D0-4F01-BEB2-2F04DDE17D8D}"
EndProject
Project("{9A19103F-16F7-4668-BE54-9A1E7A4F7556}") = "ConsoleApp12", "ConsoleApp12\ConsoleApp12.csproj", "{672FF17C-C8B1-4B89-B70B-9CBB0F93B10E}"
EndProject
Global
	GlobalSection(SolutionConfigurationPlatforms) = preSolution
		Debug|Any CPU = Debug|Any CPU
		Release|Any CPU = Release|Any CPU
	EndGlobalSection
	GlobalSection(ProjectConfigurationPlatforms) = postSolution
		{316EED45-96D0-4F01-BEB2-2F04DDE17D8D}.Debug|Any CPU.ActiveCfg = Debug|Any CPU
		{316EED45-96D0-4F01-BEB2-2F04DDE17D8D}.Debug|Any CPU.Build.0 = Debug|Any CPU
		{316EED45-96D0-4F01-BEB2-2F04DDE17D8D}.Release|Any CPU.ActiveCfg = Release|Any CPU
		{316EED45-96D0-4F01-BEB2-2F04DDE17D8D}.Release|Any CPU.Build.0 = Release|Any CPU
		{672FF17C-C8B1-4B89-B70B-9CBB0F93B10E}.Debug|Any CPU.ActiveCfg = Debug|Any CPU
		{672FF17C-C8B1-4B89-B70B-9CBB0F93B10E}.Debug|Any CPU.Build.0 = Debug|Any CPU
		{672FF17C-C8B1-4B89-B70B-9CBB0F93B10E}.Release|Any CPU.ActiveCfg = Release|Any CPU
		{672FF17C-C8B1-4B89-B70B-9CBB0F93B10E}.Release|Any CPU.Build.0 = Release|Any CPU
	EndGlobalSection
	GlobalSection(SolutionProperties) = preSolution
		HideSolutionNode = FALSE
	EndGlobalSection
	GlobalSection(ExtensibilityGlobals) = postSolution
		SolutionGuid = {FF589DC9-FACF-4929-9FD4-3C93B14A25F0}
	EndGlobalSection
EndGlobal
